
Microsoft Visual Studio Solution File, Format Version 12.00
# Visual Studio 15
VisualStudioVersion = 15.0.27004.2002
MinimumVisualStudioVersion = 10.0.40219.1
Project("{FAE04EC0-301F-11D3-BF4B-00C04F79EFBC}") = "DataSkinVariableCreator", "DataSkinVariableCreator\DataSkinVariableCreator.csproj", "{15C28603-99AD-422F-BFA5-62E743E4359A}"
EndProject
Global
	GlobalSection(SolutionConfigurationPlatforms) = preSolution
		Debug|Any CPU = Debug|Any CPU
		Release|Any CPU = Release|Any CPU
	EndGlobalSection
	GlobalSection(ProjectConfigurationPlatforms) = postSolution
		{15C28603-99AD-422F-BFA5-62E743E4359A}.Debug|Any CPU.ActiveCfg = Debug|Any CPU
		{15C28603-99AD-422F-BFA5-62E743E4359A}.Debug|Any CPU.Build.0 = Debug|Any CPU
		{15C28603-99AD-422F-BFA5-62E743E4359A}.Release|Any CPU.ActiveCfg = Release|Any CPU
		{15C28603-99AD-422F-BFA5-62E743E4359A}.Release|Any CPU.Build.0 = Release|Any CPU
	EndGlobalSection
	GlobalSection(SolutionProperties) = preSolution
		HideSolutionNode = FALSE
	EndGlobalSection
	GlobalSection(ExtensibilityGlobals) = postSolution
		SolutionGuid = {712006DA-8EB3-4F2A-B388-5766D87BEBE1}
	EndGlobalSection
EndGlobal
